
Microsoft Visual Studio Solution File, Format Version 12.00
# Visual Studio Version 17
VisualStudioVersion = 17.4.33122.133
MinimumVisualStudioVersion = 10.0.40219.1
Project("{FAE04EC0-301F-11D3-BF4B-00C04F79EFBC}") = "Quotes.Client", "Quotes.Client.csproj", "{4FA5E9CD-B803-4746-9198-90AE7F486A28}"
EndProject
Global
	GlobalSection(SolutionConfigurationPlatforms) = preSolution
		Debug|Any CPU = Debug|Any CPU
		Release|Any CPU = Release|Any CPU
	EndGlobalSection
	GlobalSection(ProjectConfigurationPlatforms) = postSolution
		{4FA5E9CD-B803-4746-9198-90AE7F486A28}.Debug|Any CPU.ActiveCfg = Debug|Any CPU
		{4FA5E9CD-B803-4746-9198-90AE7F486A28}.Debug|Any CPU.Build.0 = Debug|Any CPU
		{4FA5E9CD-B803-4746-9198-90AE7F486A28}.Release|Any CPU.ActiveCfg = Release|Any CPU
		{4FA5E9CD-B803-4746-9198-90AE7F486A28}.Release|Any CPU.Build.0 = Release|Any CPU
	EndGlobalSection
	GlobalSection(SolutionProperties) = preSolution
		HideSolutionNode = FALSE
	EndGlobalSection
	GlobalSection(ExtensibilityGlobals) = postSolution
		SolutionGuid = {91831122-9DE5-4724-ABDF-0E294099B5BC}
	EndGlobalSection
EndGlobal
